
Microsoft Visual Studio Solution File, Format Version 12.00
# Visual Studio Version 17
VisualStudioVersion = 17.10.35013.160
MinimumVisualStudioVersion = 10.0.40219.1
Project("{FAE04EC0-301F-11D3-BF4B-00C04F79EFBC}") = "AngularAuthAPI", "AngularAuthAPI\AngularAuthAPI.csproj", "{A3C6B37F-3548-4CB2-B13A-A0F2E8777F1B}"
EndProject
Global
	GlobalSection(SolutionConfigurationPlatforms) = preSolution
		Debug|Any CPU = Debug|Any CPU
		Release|Any CPU = Release|Any CPU
	EndGlobalSection
	GlobalSection(ProjectConfigurationPlatforms) = postSolution
		{A3C6B37F-3548-4CB2-B13A-A0F2E8777F1B}.Debug|Any CPU.ActiveCfg = Debug|Any CPU
		{A3C6B37F-3548-4CB2-B13A-A0F2E8777F1B}.Debug|Any CPU.Build.0 = Debug|Any CPU
		{A3C6B37F-3548-4CB2-B13A-A0F2E8777F1B}.Release|Any CPU.ActiveCfg = Release|Any CPU
		{A3C6B37F-3548-4CB2-B13A-A0F2E8777F1B}.Release|Any CPU.Build.0 = Release|Any CPU
	EndGlobalSection
	GlobalSection(SolutionProperties) = preSolution
		HideSolutionNode = FALSE
	EndGlobalSection
	GlobalSection(ExtensibilityGlobals) = postSolution
		SolutionGuid = {2F4242B2-5C9D-47EB-8A49-5B005D70024E}
	EndGlobalSection
EndGlobal
